
Microsoft Visual Studio Solution File, Format Version 12.00
# Visual Studio Version 17
VisualStudioVersion = 17.13.35806.99 d17.13
MinimumVisualStudioVersion = 10.0.40219.1
Project("{8BC9CEB8-8B4A-11D0-8D11-00A0C91BC942}") = "OOPQT3", "OOPQT3\OOPQT3.vcxproj", "{ECA68EEA-8040-48C2-B055-50EACB0BE0F2}"
EndProject
Global
	GlobalSection(SolutionConfigurationPlatforms) = preSolution
		Debug|x64 = Debug|x64
		Release|x64 = Release|x64
	EndGlobalSection
	GlobalSection(ProjectConfigurationPlatforms) = postSolution
		{ECA68EEA-8040-48C2-B055-50EACB0BE0F2}.Debug|x64.ActiveCfg = Debug|x64
		{ECA68EEA-8040-48C2-B055-50EACB0BE0F2}.Debug|x64.Build.0 = Debug|x64
		{ECA68EEA-8040-48C2-B055-50EACB0BE0F2}.Release|x64.ActiveCfg = Release|x64
		{ECA68EEA-8040-48C2-B055-50EACB0BE0F2}.Release|x64.Build.0 = Release|x64
	EndGlobalSection
	GlobalSection(SolutionProperties) = preSolution
		HideSolutionNode = FALSE
	EndGlobalSection
	GlobalSection(ExtensibilityGlobals) = postSolution
		SolutionGuid = {80811E3E-EB5F-4E21-A017-BA74C389FAEA}
	EndGlobalSection
EndGlobal
