
Microsoft Visual Studio Solution File, Format Version 12.00
# Visual Studio Version 17
VisualStudioVersion = 17.5.33627.172
MinimumVisualStudioVersion = 10.0.40219.1
Project("{8BC9CEB8-8B4A-11D0-8D11-00A0C91BC942}") = "A89", "A89\A89.vcxproj", "{B126651E-E2CF-4942-8422-5AC4CAA1F9DA}"
EndProject
Global
	GlobalSection(SolutionConfigurationPlatforms) = preSolution
		Debug|x64 = Debug|x64
		Release|x64 = Release|x64
	EndGlobalSection
	GlobalSection(ProjectConfigurationPlatforms) = postSolution
		{B126651E-E2CF-4942-8422-5AC4CAA1F9DA}.Debug|x64.ActiveCfg = Debug|x64
		{B126651E-E2CF-4942-8422-5AC4CAA1F9DA}.Debug|x64.Build.0 = Debug|x64
		{B126651E-E2CF-4942-8422-5AC4CAA1F9DA}.Release|x64.ActiveCfg = Release|x64
		{B126651E-E2CF-4942-8422-5AC4CAA1F9DA}.Release|x64.Build.0 = Release|x64
	EndGlobalSection
	GlobalSection(SolutionProperties) = preSolution
		HideSolutionNode = FALSE
	EndGlobalSection
	GlobalSection(ExtensibilityGlobals) = postSolution
		SolutionGuid = {CDA8D332-EE0D-4E7B-A887-7278E413BF7C}
	EndGlobalSection
EndGlobal
